Microsoft Visual Studio Solution File, Format Version 12.00
# Visual Studio 2012
Project("{FAE04EC0-301F-11D3-BF4B-00C04F79EFBC}") = "TTRPG Hour Glass", "TTRPG Hour Glass.csproj", "{86315C90-69D6-414E-9C96-1C0C6CCE2A84}"
EndProject
Global
	GlobalSection(SolutionConfigurationPlatforms) = preSolution
	Debug|Any CPU = Debug|Any CPU
	ExportDebug|Any CPU = ExportDebug|Any CPU
	ExportRelease|Any CPU = ExportRelease|Any CPU
	EndGlobalSection
	GlobalSection(ProjectConfigurationPlatforms) = postSolution
		{86315C90-69D6-414E-9C96-1C0C6CCE2A84}.Debug|Any CPU.ActiveCfg = Debug|Any CPU
		{86315C90-69D6-414E-9C96-1C0C6CCE2A84}.Debug|Any CPU.Build.0 = Debug|Any CPU
		{86315C90-69D6-414E-9C96-1C0C6CCE2A84}.ExportDebug|Any CPU.ActiveCfg = ExportDebug|Any CPU
		{86315C90-69D6-414E-9C96-1C0C6CCE2A84}.ExportDebug|Any CPU.Build.0 = ExportDebug|Any CPU
		{86315C90-69D6-414E-9C96-1C0C6CCE2A84}.ExportRelease|Any CPU.ActiveCfg = ExportRelease|Any CPU
		{86315C90-69D6-414E-9C96-1C0C6CCE2A84}.ExportRelease|Any CPU.Build.0 = ExportRelease|Any CPU
	EndGlobalSection
EndGlobal
